{
  "version": "3",
  "packages": {
    "specifiers": {
      "jsr:@std/assert@^1.0.1": "jsr:@std/assert@1.0.1",
      "jsr:@std/html@^1.0.0": "jsr:@std/html@1.0.0",
      "jsr:@std/internal@^1.0.1": "jsr:@std/internal@1.0.1",
      "jsr:@std/testing@^0.225.3": "jsr:@std/testing@0.225.3"
    },
    "jsr": {
      "@std/assert@1.0.1": {
        "integrity": "13590ef8e5854f59e4ad252fd987e83239a1bf1f16cb9c69c1d123ebb807a75b",
        "dependencies": [
          "jsr:@std/internal@^1.0.1"
        ]
      },
      "@std/html@1.0.0": {
        "integrity": "389f2b8b0021ee75966003b307b849813a300d1c554cef8d69aec2d5d3922ff9"
      },
      "@std/internal@1.0.1": {
        "integrity": "6f8c7544d06a11dd256c8d6ba54b11ed870aac6c5aeafff499892662c57673e6"
      },
      "@std/testing@0.225.3": {
        "integrity": "348c24d0479d44ab3dbb4f26170f242e19f24051b45935d4a9e7ca0ab7e37780"
      }
    }
  },
  "remote": {},
  "workspace": {
    "dependencies": [
      "jsr:@std/assert@^1.0.1",
      "jsr:@std/html@^1.0.0",
      "jsr:@std/testing@^0.225.3"
    ]
  }
}
